
Microsoft Visual Studio Solution File, Format Version 12.00
# Visual Studio Version 16
VisualStudioVersion = 16.0.31829.152
MinimumVisualStudioVersion = 10.0.40219.1
Project("{FAE04EC0-301F-11D3-BF4B-00C04F79EFBC}") = "GUI_QuanLiKhoThuoc", "Quan Li Kho Thuoc Tay\GUI_QuanLiKhoThuoc.csproj", "{001438B7-335D-4D97-A9E0-CF5CBBFFBBB5}"
EndProject
Project("{FAE04EC0-301F-11D3-BF4B-00C04F79EFBC}") = "BUS", "BUS\BUS.csproj", "{F20460F3-3A2E-42F1-A3C4-5C18AA7E0B74}"
EndProject
Project("{FAE04EC0-301F-11D3-BF4B-00C04F79EFBC}") = "DAL", "DAL\DAL.csproj", "{1EFCA95B-DB32-4E1B-AA84-29F4928A3041}"
EndProject
Global
	GlobalSection(SolutionConfigurationPlatforms) = preSolution
		Debug|Any CPU = Debug|Any CPU
		Release|Any CPU = Release|Any CPU
	EndGlobalSection
	GlobalSection(ProjectConfigurationPlatforms) = postSolution
		{001438B7-335D-4D97-A9E0-CF5CBBFFBBB5}.Debug|Any CPU.ActiveCfg = Debug|Any CPU
		{001438B7-335D-4D97-A9E0-CF5CBBFFBBB5}.Debug|Any CPU.Build.0 = Debug|Any CPU
		{001438B7-335D-4D97-A9E0-CF5CBBFFBBB5}.Release|Any CPU.ActiveCfg = Release|Any CPU
		{001438B7-335D-4D97-A9E0-CF5CBBFFBBB5}.Release|Any CPU.Build.0 = Release|Any CPU
		{F20460F3-3A2E-42F1-A3C4-5C18AA7E0B74}.Debug|Any CPU.ActiveCfg = Debug|Any CPU
		{F20460F3-3A2E-42F1-A3C4-5C18AA7E0B74}.Debug|Any CPU.Build.0 = Debug|Any CPU
		{F20460F3-3A2E-42F1-A3C4-5C18AA7E0B74}.Release|Any CPU.ActiveCfg = Release|Any CPU
		{F20460F3-3A2E-42F1-A3C4-5C18AA7E0B74}.Release|Any CPU.Build.0 = Release|Any CPU
		{1EFCA95B-DB32-4E1B-AA84-29F4928A3041}.Debug|Any CPU.ActiveCfg = Debug|Any CPU
		{1EFCA95B-DB32-4E1B-AA84-29F4928A3041}.Debug|Any CPU.Build.0 = Debug|Any CPU
		{1EFCA95B-DB32-4E1B-AA84-29F4928A3041}.Release|Any CPU.ActiveCfg = Release|Any CPU
		{1EFCA95B-DB32-4E1B-AA84-29F4928A3041}.Release|Any CPU.Build.0 = Release|Any CPU
	EndGlobalSection
	GlobalSection(SolutionProperties) = preSolution
		HideSolutionNode = FALSE
	EndGlobalSection
	GlobalSection(ExtensibilityGlobals) = postSolution
		SolutionGuid = {4316C0D7-84DF-44DC-A4DE-E4C300AF5152}
	EndGlobalSection
EndGlobal
